// !$*UTF8*$!
{
	archiveVersion = 1;
	classes = {
	};
	objectVersion = 50;
	objects = {

/* Begin PBXBuildFile section */
		D20AC3F72427FAD9006329D7 /* AppDelegate.swift in Sources */ = {isa = PBXBuildFile; fileRef = D20AC3F62427FAD9006329D7 /* AppDelegate.swift */; };
		D20AC3F92427FAD9006329D7 /* ViewController.swift in Sources */ = {isa = PBXBuildFile; fileRef = D20AC3F82427FAD9006329D7 /* ViewController.swift */; };
		D20AC3FB2427FADB006329D7 /* Assets.xcassets in Resources */ = {isa = PBXBuildFile; fileRef = D20AC3FA2427FADB006329D7 /* Assets.xcassets */; };
		D20AC3FE2427FADB006329D7 /* Main.storyboard in Resources */ = {isa = PBXBuildFile; fileRef = D20AC3FC2427FADB006329D7 /* Main.storyboard */; };
		D20AC40C2427FEEE006329D7 /* SuggestionsWindowController.swift in Sources */ = {isa = PBXBuildFile; fileRef = D20AC4072427FEEE006329D7 /* SuggestionsWindowController.swift */; };
		D20AC40D2427FEEE006329D7 /* RoundedCornersView.swift in Sources */ = {isa = PBXBuildFile; fileRef = D20AC4082427FEEE006329D7 /* RoundedCornersView.swift */; };
		D20AC40E2427FEEE006329D7 /* SuggestibleTextFieldCell.swift in Sources */ = {isa = PBXBuildFile; fileRef = D20AC4092427FEEE006329D7 /* SuggestibleTextFieldCell.swift */; };
		D20AC40F2427FEEE006329D7 /* HighlightingView.swift in Sources */ = {isa = PBXBuildFile; fileRef = D20AC40A2427FEEE006329D7 /* HighlightingView.swift */; };
		D20AC4102427FEEE006329D7 /* SuggestionsWindow.swift in Sources */ = {isa = PBXBuildFile; fileRef = D20AC40B2427FEEE006329D7 /* SuggestionsWindow.swift */; };
		D20AC4122427FF50006329D7 /* suggestionprototype.xib in Resources */ = {isa = PBXBuildFile; fileRef = D20AC4112427FF50006329D7 /* suggestionprototype.xib */; };
/* End PBXBuildFile section */

/* Begin PBXFileReference section */
		D20AC3F32427FAD9006329D7 /* SearchFieldExample.app */ = {isa = PBXFileReference; explicitFileType = wrapper.application; includeInIndex = 0; path = SearchFieldExample.app; sourceTree = BUILT_PRODUCTS_DIR; };
		D20AC3F62427FAD9006329D7 /* AppDelegate.swift */ = {isa = PBXFileReference; lastKnownFileType = sourcecode.swift; path = AppDelegate.swift; sourceTree = "<group>"; };
		D20AC3F82427FAD9006329D7 /* ViewController.swift */ = {isa = PBXFileReference; lastKnownFileType = sourcecode.swift; path = ViewController.swift; sourceTree = "<group>"; };
		D20AC3FA2427FADB006329D7 /* Assets.xcassets */ = {isa = PBXFileReference; lastKnownFileType = folder.assetcatalog; path = Assets.xcassets; sourceTree = "<group>"; };
		D20AC3FD2427FADB006329D7 /* Base */ = {isa = PBXFileReference; lastKnownFileType = file.storyboard; name = Base; path = Base.lproj/Main.storyboard; sourceTree = "<group>"; };
		D20AC3FF2427FADB006329D7 /* Info.plist */ = {isa = PBXFileReference; lastKnownFileType = text.plist.xml; path = Info.plist; sourceTree = "<group>"; };
		D20AC4002427FADB006329D7 /* SearchFieldExample.entitlements */ = {isa = PBXFileReference; lastKnownFileType = text.plist.entitlements; path = SearchFieldExample.entitlements; sourceTree = "<group>"; };
		D20AC4072427FEEE006329D7 /* SuggestionsWindowController.swift */ = {isa = PBXFileReference; fileEncoding = 4; lastKnownFileType = sourcecode.swift; path = SuggestionsWindowController.swift; sourceTree = "<group>"; };
		D20AC4082427FEEE006329D7 /* RoundedCornersView.swift */ = {isa = PBXFileReference; fileEncoding = 4; lastKnownFileType = sourcecode.swift; path = RoundedCornersView.swift; sourceTree = "<group>"; };
		D20AC4092427FEEE006329D7 /* SuggestibleTextFieldCell.swift */ = {isa = PBXFileReference; fileEncoding = 4; lastKnownFileType = sourcecode.swift; path = SuggestibleTextFieldCell.swift; sourceTree = "<group>"; };
		D20AC40A2427FEEE006329D7 /* HighlightingView.swift */ = {isa = PBXFileReference; fileEncoding = 4; lastKnownFileType = sourcecode.swift; path = HighlightingView.swift; sourceTree = "<group>"; };
		D20AC40B2427FEEE006329D7 /* SuggestionsWindow.swift */ = {isa = PBXFileReference; fileEncoding = 4; lastKnownFileType = sourcecode.swift; path = SuggestionsWindow.swift; sourceTree = "<group>"; };
		D20AC4112427FF50006329D7 /* suggestionprototype.xib */ = {isa = PBXFileReference; fileEncoding = 4; lastKnownFileType = file.xib; path = suggestionprototype.xib; sourceTree = "<group>"; };
/* End PBXFileReference section */

/* Begin PBXFrameworksBuildPhase section */
		D20AC3F02427FAD9006329D7 /* Frameworks */ = {
			isa = PBXFrameworksBuildPhase;
			buildActionMask = 2147483647;
			files = (
			);
			runOnlyForDeploymentPostprocessing = 0;
		};
/* End PBXFrameworksBuildPhase section */

/* Begin PBXGroup section */
		D20AC3EA2427FAD9006329D7 = {
			isa = PBXGroup;
			children = (
				D20AC3F52427FAD9006329D7 /* SearchFieldExample */,
				D20AC3F42427FAD9006329D7 /* Products */,
			);
			sourceTree = "<group>";
		};
		D20AC3F42427FAD9006329D7 /* Products */ = {
			isa = PBXGroup;
			children = (
				D20AC3F32427FAD9006329D7 /* SearchFieldExample.app */,
			);
			name = Products;
			sourceTree = "<group>";
		};
		D20AC3F52427FAD9006329D7 /* SearchFieldExample */ = {
			isa = PBXGroup;
			children = (
				D20AC3F62427FAD9006329D7 /* AppDelegate.swift */,
				D20AC3F82427FAD9006329D7 /* ViewController.swift */,
				D20AC4062427FE11006329D7 /* SearchField */,
				D20AC3FA2427FADB006329D7 /* Assets.xcassets */,
				D20AC3FC2427FADB006329D7 /* Main.storyboard */,
				D20AC3FF2427FADB006329D7 /* Info.plist */,
				D20AC4002427FADB006329D7 /* SearchFieldExample.entitlements */,
			);
			path = SearchFieldExample;
			sourceTree = "<group>";
		};
		D20AC4062427FE11006329D7 /* SearchField */ = {
			isa = PBXGroup;
			children = (
				D20AC4072427FEEE006329D7 /* SuggestionsWindowController.swift */,
				D20AC40B2427FEEE006329D7 /* SuggestionsWindow.swift */,
				D20AC4082427FEEE006329D7 /* RoundedCornersView.swift */,
				D20AC40A2427FEEE006329D7 /* HighlightingView.swift */,
				D20AC4092427FEEE006329D7 /* SuggestibleTextFieldCell.swift */,
				D20AC4112427FF50006329D7 /* suggestionprototype.xib */,
			);
			path = SearchField;
			sourceTree = "<group>";
		};
/* End PBXGroup section */

/* Begin PBXNativeTarget section */
		D20AC3F22427FAD9006329D7 /* SearchFieldExample */ = {
			isa = PBXNativeTarget;
			buildConfigurationList = D20AC4032427FADB006329D7 /* Build configuration list for PBXNativeTarget "SearchFieldExample" */;
			buildPhases = (
				D20AC3EF2427FAD9006329D7 /* Sources */,
				D20AC3F02427FAD9006329D7 /* Frameworks */,
				D20AC3F12427FAD9006329D7 /* Resources */,
			);
			buildRules = (
			);
			dependencies = (
			);
			name = SearchFieldExample;
			productName = SearchFieldExample;
			productReference = D20AC3F32427FAD9006329D7 /* SearchFieldExample.app */;
			productType = "com.apple.product-type.application";
		};
/* End PBXNativeTarget section */

/* Begin PBXProject section */
		D20AC3EB2427FAD9006329D7 /* Project object */ = {
			isa = PBXProject;
			attributes = {
				LastSwiftUpdateCheck = 1130;
				LastUpgradeCheck = 1130;
				ORGANIZATIONNAME = "Adem Salih";
				TargetAttributes = {
					D20AC3F22427FAD9006329D7 = {
						CreatedOnToolsVersion = 11.3.1;
					};
				};
			};
			buildConfigurationList = D20AC3EE2427FAD9006329D7 /* Build configuration list for PBXProject "SearchFieldExample" */;
			compatibilityVersion = "Xcode 9.3";
			developmentRegion = en;
			hasScannedForEncodings = 0;
			knownRegions = (
				en,
				Base,
			);
			mainGroup = D20AC3EA2427FAD9006329D7;
			productRefGroup = D20AC3F42427FAD9006329D7 /* Products */;
			projectDirPath = "";
			projectRoot = "";
			targets = (
				D20AC3F22427FAD9006329D7 /* SearchFieldExample */,
			);
		};
/* End PBXProject section */

/* Begin PBXResourcesBuildPhase section */
		D20AC3F12427FAD9006329D7 /* Resources */ = {
			isa = PBXResourcesBuildPhase;
			buildActionMask = 2147483647;
			files = (
				D20AC3FB2427FADB006329D7 /* Assets.xcassets in Resources */,
				D20AC4122427FF50006329D7 /* suggestionprototype.xib in Resources */,
				D20AC3FE2427FADB006329D7 /* Main.storyboard in Resources */,
			);
			runOnlyForDeploymentPostprocessing = 0;
		};
/* End PBXResourcesBuildPhase section */

/* Begin PBXSourcesBuildPhase section */
		D20AC3EF2427FAD9006329D7 /* Sources */ = {
			isa = PBXSourcesBuildPhase;
			buildActionMask = 2147483647;
			files = (
				D20AC40C2427FEEE006329D7 /* SuggestionsWindowController.swift in Sources */,
				D20AC3F92427FAD9006329D7 /* ViewController.swift in Sources */,
				D20AC40F2427FEEE006329D7 /* HighlightingView.swift in Sources */,
				D20AC3F72427FAD9006329D7 /* AppDelegate.swift in Sources */,
				D20AC40D2427FEEE006329D7 /* RoundedCornersView.swift in Sources */,
				D20AC40E2427FEEE006329D7 /* SuggestibleTextFieldCell.swift in Sources */,
				D20AC4102427FEEE006329D7 /* SuggestionsWindow.swift in Sources */,
			);
			runOnlyForDeploymentPostprocessing = 0;
		};
/* End PBXSourcesBuildPhase section */

/* Begin PBXVariantGroup section */
		D20AC3FC2427FADB006329D7 /* Main.storyboard */ = {
			isa = PBXVariantGroup;
			children = (
				D20AC3FD2427FADB006329D7 /* Base */,
			);
			name = Main.storyboard;
			sourceTree = "<group>";
		};
/* End PBXVariantGroup section */

/* Begin XCBuildConfiguration section */
		D20AC4012427FADB006329D7 /* Debug */ = {
			isa = XCBuildConfiguration;
			buildSettings = {
				ALWAYS_SEARCH_USER_PATHS = NO;
				CLANG_ANALYZER_NONNULL = YES;
				CLANG_ANALYZER_NUMBER_OBJECT_CONVERSION = YES_AGGRESSIVE;
				CLANG_CXX_LANGUAGE_STANDARD = "gnu++14";
				CLANG_CXX_LIBRARY = "libc++";
				CLANG_ENABLE_MODULES = YES;
				CLANG_ENABLE_OBJC_ARC = YES;
				CLANG_ENABLE_OBJC_WEAK = YES;
				CLANG_WARN_BLOCK_CAPTURE_AUTORELEASING = YES;
				CLANG_WARN_BOOL_CONVERSION = YES;
				CLANG_WARN_COMMA = YES;
				CLANG_WARN_CONSTANT_CONVERSION = YES;
				CLANG_WARN_DEPRECATED_OBJC_IMPLEMENTATIONS = YES;
				CLANG_WARN_DIRECT_OBJC_ISA_USAGE = YES_ERROR;
				CLANG_WARN_DOCUMENTATION_COMMENTS = YES;
				CLANG_WARN_EMPTY_BODY = YES;
				CLANG_WARN_ENUM_CONVERSION = YES;
				CLANG_WARN_INFINITE_RECURSION = YES;
				CLANG_WARN_INT_CONVERSION = YES;
				CLANG_WARN_NON_LITERAL_NULL_CONVERSION = YES;
				CLANG_WARN_OBJC_IMPLICIT_RETAIN_SELF = YES;
				CLANG_WARN_OBJC_LITERAL_CONVERSION = YES;
				CLANG_WARN_OBJC_ROOT_CLASS = YES_ERROR;
				CLANG_WARN_RANGE_LOOP_ANALYSIS = YES;
				CLANG_WARN_STRICT_PROTOTYPES = YES;
				CLANG_WARN_SUSPICIOUS_MOVE = YES;
				CLANG_WARN_UNGUARDED_AVAILABILITY = YES_AGGRESSIVE;
				CLANG_WARN_UNREACHABLE_CODE = YES;
				CLANG_WARN__DUPLICATE_METHOD_MATCH = YES;
				COPY_PHASE_STRIP = NO;
				DEBUG_INFORMATION_FORMAT = dwarf;
				ENABLE_STRICT_OBJC_MSGSEND = YES;
				ENABLE_TESTABILITY = YES;
				GCC_C_LANGUAGE_STANDARD = gnu11;
				GCC_DYNAMIC_NO_PIC = NO;
				GCC_NO_COMMON_BLOCKS = YES;
				GCC_OPTIMIZATION_LEVEL = 0;
				GCC_PREPROCESSOR_DEFINITIONS = (
					"DEBUG=1",
					"$(inherited)",
				);
				GCC_WARN_64_TO_32_BIT_CONVERSION = YES;
				GCC_WARN_ABOUT_RETURN_TYPE = YES_ERROR;
				GCC_WARN_UNDECLARED_SELECTOR = YES;
				GCC_WARN_UNINITIALIZED_AUTOS = YES_AGGRESSIVE;
				GCC_WARN_UNUSED_FUNCTION = YES;
				GCC_WARN_UNUSED_VARIABLE = YES;
				MACOSX_DEPLOYMENT_TARGET = 10.15;
				MTL_ENABLE_DEBUG_INFO = INCLUDE_SOURCE;
				MTL_FAST_MATH = YES;
				ONLY_ACTIVE_ARCH = YES;
				SDKROOT = macosx;
				SWIFT_ACTIVE_COMPILATION_CONDITIONS = DEBUG;
				SWIFT_OPTIMIZATION_LEVEL = "-Onone";
			};
			name = Debug;
		};
		D20AC4022427FADB006329D7 /* Release */ = {
			isa = XCBuildConfiguration;
			buildSettings = {
				ALWAYS_SEARCH_USER_PATHS = NO;
				CLANG_ANALYZER_NONNULL = YES;
				CLANG_ANALYZER_NUMBER_OBJECT_CONVERSION = YES_AGGRESSIVE;
				CLANG_CXX_LANGUAGE_STANDARD = "gnu++14";
				CLANG_CXX_LIBRARY = "libc++";
				CLANG_ENABLE_MODULES = YES;
				CLANG_ENABLE_OBJC_ARC = YES;
				CLANG_ENABLE_OBJC_WEAK = YES;
				CLANG_WARN_BLOCK_CAPTURE_AUTORELEASING = YES;
				CLANG_WARN_BOOL_CONVERSION = YES;
				CLANG_WARN_COMMA = YES;
				CLANG_WARN_CONSTANT_CONVERSION = YES;
				CLANG_WARN_DEPRECATED_OBJC_IMPLEMENTATIONS = YES;
				CLANG_WARN_DIRECT_OBJC_ISA_USAGE = YES_ERROR;
				CLANG_WARN_DOCUMENTATION_COMMENTS = YES;
				CLANG_WARN_EMPTY_BODY = YES;
				CLANG_WARN_ENUM_CONVERSION = YES;
				CLANG_WARN_INFINITE_RECURSION = YES;
				CLANG_WARN_INT_CONVERSION = YES;
				CLANG_WARN_NON_LITERAL_NULL_CONVERSION = YES;
				CLANG_WARN_OBJC_IMPLICIT_RETAIN_SELF = YES;
				CLANG_WARN_OBJC_LITERAL_CONVERSION = YES;
				CLANG_WARN_OBJC_ROOT_CLASS = YES_ERROR;
				CLANG_WARN_RANGE_LOOP_ANALYSIS = YES;
				CLANG_WARN_STRICT_PROTOTYPES = YES;
				CLANG_WARN_SUSPICIOUS_MOVE = YES;
				CLANG_WARN_UNGUARDED_AVAILABILITY = YES_AGGRESSIVE;
				CLANG_WARN_UNREACHABLE_CODE = YES;
				CLANG_WARN__DUPLICATE_METHOD_MATCH = YES;
				COPY_PHASE_STRIP = NO;
				DEBUG_INFORMATION_FORMAT = "dwarf-with-dsym";
				ENABLE_NS_ASSERTIONS = NO;
				ENABLE_STRICT_OBJC_MSGSEND = YES;
				GCC_C_LANGUAGE_STANDARD = gnu11;
				GCC_NO_COMMON_BLOCKS = YES;
				GCC_WARN_64_TO_32_BIT_CONVERSION = YES;
				GCC_WARN_ABOUT_RETURN_TYPE = YES_ERROR;
				GCC_WARN_UNDECLARED_SELECTOR = YES;
				GCC_WARN_UNINITIALIZED_AUTOS = YES_AGGRESSIVE;
				GCC_WARN_UNUSED_FUNCTION = YES;
				GCC_WARN_UNUSED_VARIABLE = YES;
				MACOSX_DEPLOYMENT_TARGET = 10.15;
				MTL_ENABLE_DEBUG_INFO = NO;
				MTL_FAST_MATH = YES;
				SDKROOT = macosx;
				SWIFT_COMPILATION_MODE = wholemodule;
				SWIFT_OPTIMIZATION_LEVEL = "-O";
			};
			name = Release;
		};
		D20AC4042427FADB006329D7 /* Debug */ = {
			isa = XCBuildConfiguration;
			buildSettings = {
				ASSETCATALOG_COMPILER_APPICON_NAME = AppIcon;
				CODE_SIGN_ENTITLEMENTS = SearchFieldExample/SearchFieldExample.entitlements;
				CODE_SIGN_STYLE = Automatic;
				COMBINE_HIDPI_IMAGES = YES;
				INFOPLIST_FILE = SearchFieldExample/Info.plist;
				LD_RUNPATH_SEARCH_PATHS = (
					"$(inherited)",
					"@executable_path/../Frameworks",
				);
				PRODUCT_BUNDLE_IDENTIFIER = ademsalih.SearchFieldExample;
				PRODUCT_NAME = "$(TARGET_NAME)";
				SWIFT_VERSION = 5.0;
			};
			name = Debug;
		};
		D20AC4052427FADB006329D7 /* Release */ = {
			isa = XCBuildConfiguration;
			buildSettings = {
				ASSETCATALOG_COMPILER_APPICON_NAME = AppIcon;
				CODE_SIGN_ENTITLEMENTS = SearchFieldExample/SearchFieldExample.entitlements;
				CODE_SIGN_STYLE = Automatic;
				COMBINE_HIDPI_IMAGES = YES;
				INFOPLIST_FILE = SearchFieldExample/Info.plist;
				LD_RUNPATH_SEARCH_PATHS = (
					"$(inherited)",
					"@executable_path/../Frameworks",
				);
				PRODUCT_BUNDLE_IDENTIFIER = ademsalih.SearchFieldExample;
				PRODUCT_NAME = "$(TARGET_NAME)";
				SWIFT_VERSION = 5.0;
			};
			name = Release;
		};
/* End XCBuildConfiguration section */

/* Begin XCConfigurationList section */
		D20AC3EE2427FAD9006329D7 /* Build configuration list for PBXProject "SearchFieldExample" */ = {
			isa = XCConfigurationList;
			buildConfigurations = (
				D20AC4012427FADB006329D7 /* Debug */,
				D20AC4022427FADB006329D7 /* Release */,
			);
			defaultConfigurationIsVisible = 0;
			defaultConfigurationName = Release;
		};
		D20AC4032427FADB006329D7 /* Build configuration list for PBXNativeTarget "SearchFieldExample" */ = {
			isa = XCConfigurationList;
			buildConfigurations = (
				D20AC4042427FADB006329D7 /* Debug */,
				D20AC4052427FADB006329D7 /* Release */,
			);
			defaultConfigurationIsVisible = 0;
			defaultConfigurationName = Release;
		};
/* End XCConfigurationList section */
	};
	rootObject = D20AC3EB2427FAD9006329D7 /* Project object */;
}
